
Microsoft Visual Studio Solution File, Format Version 12.00
# Visual Studio Version 16
VisualStudioVersion = 16.0.29326.143
MinimumVisualStudioVersion = 10.0.40219.1
Project("{FAE04EC0-301F-11D3-BF4B-00C04F79EFBC}") = "ImageSharpCompare", "ImageSharpCompare\ImageSharpCompare.csproj", "{BD710BB4-A442-449E-A277-E69218058370}"
EndProject
Project("{FAE04EC0-301F-11D3-BF4B-00C04F79EFBC}") = "ImageSharpCompareTestNunit", "ImageSharpCompareTestNunit\ImageSharpCompareTestNunit.csproj", "{C8DCE47D-72ED-471E-84C6-6A3A8EAA6081}"
EndProject
Global
	GlobalSection(SolutionConfigurationPlatforms) = preSolution
		Debug|Any CPU = Debug|Any CPU
		Release|Any CPU = Release|Any CPU
	EndGlobalSection
	GlobalSection(ProjectConfigurationPlatforms) = postSolution
		{BD710BB4-A442-449E-A277-E69218058370}.Debug|Any CPU.ActiveCfg = Debug|Any CPU
		{BD710BB4-A442-449E-A277-E69218058370}.Debug|Any CPU.Build.0 = Debug|Any CPU
		{BD710BB4-A442-449E-A277-E69218058370}.Release|Any CPU.ActiveCfg = Release|Any CPU
		{BD710BB4-A442-449E-A277-E69218058370}.Release|Any CPU.Build.0 = Release|Any CPU
		{C8DCE47D-72ED-471E-84C6-6A3A8EAA6081}.Debug|Any CPU.ActiveCfg = Debug|Any CPU
		{C8DCE47D-72ED-471E-84C6-6A3A8EAA6081}.Debug|Any CPU.Build.0 = Debug|Any CPU
		{C8DCE47D-72ED-471E-84C6-6A3A8EAA6081}.Release|Any CPU.ActiveCfg = Release|Any CPU
		{C8DCE47D-72ED-471E-84C6-6A3A8EAA6081}.Release|Any CPU.Build.0 = Release|Any CPU
	EndGlobalSection
	GlobalSection(SolutionProperties) = preSolution
		HideSolutionNode = FALSE
	EndGlobalSection
	GlobalSection(ExtensibilityGlobals) = postSolution
		SolutionGuid = {AC72E02E-48E4-4DDE-B1FF-CEF86C9DFCAB}
	EndGlobalSection
EndGlobal
